{
    "_readme": [
        "This file locks the dependencies of your project to a known state",
        "Read more about it at https://getcomposer.org/doc/01-basic-usage.md#composer-lock-the-lock-file",
        "This file is @generated automatically"
    ],
    "content-hash": "c4270d4f5d6a8d6704e79c44c1c1f94c",
    "packages": [],
    "packages-dev": [
        {
            "name": "beberlei/assert",
            "version": "v2.8.1",
            "source": {
                "type": "git",
                "url": "https://github.com/beberlei/assert.git",
                "reference": "fd8dc8f6de4645ccf4d1a0b38a6b8fdaf2e8b337"
            },
            "dist": {
                "type": "zip",
                "url": "https://api.github.com/repos/beberlei/assert/zipball/fd8dc8f6de4645ccf4d1a0b38a6b8fdaf2e8b337",
                "reference": "fd8dc8f6de4645ccf4d1a0b38a6b8fdaf2e8b337",
                "shasum": ""
            },
            "require": {
                "ext-mbstring": "*",
                "php": ">=5.3"
            },
            "require-dev": {
                "friendsofphp/php-cs-fixer": "^2.1.1",
                "phpunit/phpunit": "^4.8.35|^5.7"
            },
            "type": "library",
            "autoload": {
                "psr-4": {
                    "Assert\\": "lib/Assert"
                },
                "files": [
                    "lib/Assert/functions.php"
                ]
            },
            "notification-url": "https://packagist.org/downloads/",
            "license": [
                "BSD-2-Clause"
            ],
            "authors": [
                {
                    "name": "Benjamin Eberlei",
                    "email": "kontakt@beberlei.de",
                    "role": "Lead Developer"
                },
                {
                    "name": "Richard Quadling",
                    "email": "rquadling@gmail.com",
                    "role": "Collaborator"
                }
            ],
            "description": "Thin assertion library for input validation in business models.",
            "keywords": [
                "assert",
                "assertion",
                "validation"
            ],
            "time": "2017-11-30T13:25:15+00:00"
        },
        {
            "name": "container-interop/container-interop",
            "version": "1.2.0",
            "source": {
                "type": "git",
                "url": "https://github.com/container-interop/container-interop.git",
                "reference": "79cbf1341c22ec75643d841642dd5d6acd83bdb8"
            },
            "dist": {
                "type": "zip",
                "url": "https://api.github.com/repos/container-interop/container-interop/zipball/79cbf1341c22ec75643d841642dd5d6acd83bdb8",
                "reference": "79cbf1341c22ec75643d841642dd5d6acd83bdb8",
                "shasum": ""
            },
            "require": {
                "psr/container": "^1.0"
            },
            "type": "library",
            "autoload": {
                "psr-4": {
                    "Interop\\Container\\": "src/Interop/Container/"
                }
            },
            "notification-url": "https://packagist.org/downloads/",
            "license": [
                "MIT"
            ],
            "description": "Promoting the interoperability of container objects (DIC, SL, etc.)",
            "homepage": "https://github.com/container-interop/container-interop",
            "time": "2017-02-14T19:40:03+00:00"
        },
        {
            "name": "doctrine/annotations",
            "version": "v1.6.0",
            "source": {
                "type": "git",
                "url": "https://github.com/doctrine/annotations.git",
                "reference": "c7f2050c68a9ab0bdb0f98567ec08d80ea7d24d5"
            },
            "dist": {
                "type": "zip",
                "url": "https://api.github.com/repos/doctrine/annotations/zipball/c7f2050c68a9ab0bdb0f98567ec08d80ea7d24d5",
                "reference": "c7f2050c68a9ab0bdb0f98567ec08d80ea7d24d5",
                "shasum": ""
            },
            "require": {
                "doctrine/lexer": "1.*",
                "php": "^7.1"
            },
            "require-dev": {
                "doctrine/cache": "1.*",
                "phpunit/phpunit": "^6.4"
            },
            "type": "library",
            "extra": {
                "branch-alias": {
                    "dev-master": "1.6.x-dev"
                }
            },
            "autoload": {
                "psr-4": {
                    "Doctrine\\Common\\Annotations\\": "lib/Doctrine/Common/Annotations"
                }
            },
            "notification-url": "https://packagist.org/downloads/",
            "license": [
                "MIT"
            ],
            "authors": [
                {
                    "name": "Roman Borschel",
                    "email": "roman@code-factory.org"
                },
                {
                    "name": "Benjamin Eberlei",
                    "email": "kontakt@beberlei.de"
                },
                {
                    "name": "Guilherme Blanco",
                    "email": "guilhermeblanco@gmail.com"
                },
                {
                    "name": "Jonathan Wage",
                    "email": "jonwage@gmail.com"
                },
                {
                    "name": "Johannes Schmitt",
                    "email": "schmittjoh@gmail.com"
                }
            ],
            "description": "Docblock Annotations Parser",
            "homepage": "http://www.doctrine-project.org",
            "keywords": [
                "annotations",
                "docblock",
                "parser"
            ],
            "time": "2017-12-06T07:11:42+00:00"
        },
        {
            "name": "doctrine/lexer",
            "version": "v1.0.1",
            "source": {
                "type": "git",
                "url": "https://github.com/doctrine/lexer.git",
                "reference": "83893c552fd2045dd78aef794c31e694c37c0b8c"
            },
            "dist": {
                "type": "zip",
                "url": "https://api.github.com/repos/doctrine/lexer/zipball/83893c552fd2045dd78aef794c31e694c37c0b8c",
                "reference": "83893c552fd2045dd78aef794c31e694c37c0b8c",
                "shasum": ""
            },
            "require": {
                "php": ">=5.3.2"
            },
            "type": "library",
            "extra": {
                "branch-alias": {
                    "dev-master": "1.0.x-dev"
                }
            },
            "autoload": {
                "psr-0": {
                    "Doctrine\\Common\\Lexer\\": "lib/"
                }
            },
            "notification-url": "https://packagist.org/downloads/",
            "license": [
                "MIT"
            ],
            "authors": [
                {
                    "name": "Roman Borschel",
                    "email": "roman@code-factory.org"
                },
                {
                    "name": "Guilherme Blanco",
                    "email": "guilhermeblanco@gmail.com"
                },
                {
                    "name": "Johannes Schmitt",
                    "email": "schmittjoh@gmail.com"
                }
            ],
            "description": "Base library for a lexer that can be used in Top-Down, Recursive Descent Parsers.",
            "homepage": "http://www.doctrine-project.org",
            "keywords": [
                "lexer",
                "parser"
            ],
            "time": "2014-09-09T13:34:57+00:00"
        },
        {
            "name": "lstrojny/functional-php",
            "version": "1.6.0",
            "source": {
                "type": "git",
                "url": "https://github.com/lstrojny/functional-php.git",
                "reference": "c0c15f048355d0a7ab17914022ec1f901fe5144a"
            },
            "dist": {
                "type": "zip",
                "url": "https://api.github.com/repos/lstrojny/functional-php/zipball/c0c15f048355d0a7ab17914022ec1f901fe5144a",
                "reference": "c0c15f048355d0a7ab17914022ec1f901fe5144a",
                "shasum": ""
            },
            "require": {
                "php": "~7"
            },
            "require-dev": {
                "phpunit/phpunit": "~6"
            },
            "type": "library",
            "extra": {
                "branch-alias": {
                    "dev-master": "1.2-dev"
                }
            },
            "autoload": {
                "psr-4": {
                    "Functional\\": "src/Functional"
                },
                "files": [
                    "src/Functional/Average.php",
                    "src/Functional/Capture.php",
                    "src/Functional/ConstFunction.php",
                    "src/Functional/CompareOn.php",
                    "src/Functional/CompareObjectHashOn.php",
                    "src/Functional/Compose.php",
                    "src/Functional/Concat.php",
                    "src/Functional/Contains.php",
                    "src/Functional/Curry.php",
                    "src/Functional/CurryN.php",
                    "src/Functional/Difference.php",
                    "src/Functional/DropFirst.php",
                    "src/Functional/DropLast.php",
                    "src/Functional/Each.php",
                    "src/Functional/Equal.php",
                    "src/Functional/ErrorToException.php",
                    "src/Functional/Every.php",
                    "src/Functional/False.php",
                    "src/Functional/Falsy.php",
                    "src/Functional/Filter.php",
                    "src/Functional/First.php",
                    "src/Functional/FirstIndexOf.php",
                    "src/Functional/FlatMap.php",
                    "src/Functional/Flatten.php",
                    "src/Functional/Flip.php",
                    "src/Functional/GreaterThan.php",
                    "src/Functional/GreaterThanOrEqual.php",
                    "src/Functional/Group.php",
                    "src/Functional/Head.php",
                    "src/Functional/Id.php",
                    "src/Functional/IfElse.php",
                    "src/Functional/Identical.php",
                    "src/Functional/IndexesOf.php",
                    "src/Functional/Intersperse.php",
                    "src/Functional/Invoke.php",
                    "src/Functional/InvokeFirst.php",
                    "src/Functional/InvokeIf.php",
                    "src/Functional/InvokeLast.php",
                    "src/Functional/Invoker.php",
                    "src/Functional/Last.php",
                    "src/Functional/LastIndexOf.php",
                    "src/Functional/LessThan.php",
                    "src/Functional/LessThanOrEqual.php",
                    "src/Functional/LexicographicCompare.php",
                    "src/Functional/Map.php",
                    "src/Functional/Match.php",
                    "src/Functional/Maximum.php",
                    "src/Functional/Memoize.php",
                    "src/Functional/Minimum.php",
                    "src/Functional/None.php",
                    "src/Functional/Not.php",
                    "src/Functional/PartialAny.php",
                    "src/Functional/PartialLeft.php",
                    "src/Functional/PartialMethod.php",
                    "src/Functional/PartialRight.php",
                    "src/Functional/Partition.php",
                    "src/Functional/Pick.php",
                    "src/Functional/Pluck.php",
                    "src/Functional/Poll.php",
                    "src/Functional/Product.php",
                    "src/Functional/Ratio.php",
                    "src/Functional/ReduceLeft.php",
                    "src/Functional/ReduceRight.php",
                    "src/Functional/Reindex.php",
                    "src/Functional/Reject.php",
                    "src/Functional/Retry.php",
                    "src/Functional/Select.php",
                    "src/Functional/SequenceConstant.php",
                    "src/Functional/SequenceExponential.php",
                    "src/Functional/SequenceLinear.php",
                    "src/Functional/Some.php",
                    "src/Functional/Sort.php",
                    "src/Functional/Sum.php",
                    "src/Functional/SuppressError.php",
                    "src/Functional/Tail.php",
                    "src/Functional/TailRecursion.php",
                    "src/Functional/True.php",
                    "src/Functional/Truthy.php",
                    "src/Functional/Unique.php",
                    "src/Functional/With.php",
                    "src/Functional/Zip.php",
                    "src/Functional/ZipAll.php"
                ]
            },
            "notification-url": "https://packagist.org/downloads/",
            "license": [
                "MIT"
            ],
            "authors": [
                {
                    "name": "Lars Strojny",
                    "email": "lstrojny@php.net",
                    "homepage": "http://usrportage.de"
                },
                {
                    "name": "Max Beutel",
                    "email": "nash12@gmail.com"
                }
            ],
            "description": "Functional primitives for PHP",
            "keywords": [
                "functional"
            ],
            "time": "2017-05-08T10:17:44+00:00"
        },
        {
            "name": "phpbench/container",
            "version": "1.1",
            "source": {
                "type": "git",
                "url": "https://github.com/phpbench/container.git",
                "reference": "8cd29cf58104e68b4d5cc2af5703e6235e41e7b9"
            },
            "dist": {
                "type": "zip",
                "url": "https://api.github.com/repos/phpbench/container/zipball/8cd29cf58104e68b4d5cc2af5703e6235e41e7b9",
                "reference": "8cd29cf58104e68b4d5cc2af5703e6235e41e7b9",
                "shasum": ""
            },
            "require": {
                "container-interop/container-interop": "^1.1"
            },
            "type": "library",
            "extra": {
                "branch-alias": {
                    "dev-master": "1.0-dev"
                }
            },
            "autoload": {
                "psr-4": {
                    "PhpBench\\DependencyInjection\\": "lib/"
                }
            },
            "notification-url": "https://packagist.org/downloads/",
            "license": [
                "MIT"
            ],
            "authors": [
                {
                    "name": "Daniel Leech",
                    "email": "daniel@dantleech.com"
                }
            ],
            "description": "Simple, configurable, service container.",
            "time": "2017-07-18T12:10:10+00:00"
        },
        {
            "name": "phpbench/dom",
            "version": "0.2.0",
            "source": {
                "type": "git",
                "url": "https://github.com/phpbench/dom.git",
                "reference": "b135378dd0004c05ba5446aeddaf0b83339c1c4c"
            },
            "dist": {
                "type": "zip",
                "url": "https://api.github.com/repos/phpbench/dom/zipball/b135378dd0004c05ba5446aeddaf0b83339c1c4c",
                "reference": "b135378dd0004c05ba5446aeddaf0b83339c1c4c",
                "shasum": ""
            },
            "require": {
                "ext-dom": "*",
                "php": "^5.4|^7.0"
            },
            "require-dev": {
                "phpunit/phpunit": "^4.6"
            },
            "type": "library",
            "extra": {
                "branch-alias": {
                    "dev-master": "1.0-dev"
                }
            },
            "autoload": {
                "psr-4": {
                    "PhpBench\\Dom\\": "lib/"
                }
            },
            "notification-url": "https://packagist.org/downloads/",
            "license": [
                "MIT"
            ],
            "authors": [
                {
                    "name": "Daniel Leech",
                    "email": "daniel@dantleech.com"
                }
            ],
            "description": "DOM wrapper to simplify working with the PHP DOM implementation",
            "time": "2016-02-27T12:15:56+00:00"
        },
        {
            "name": "phpbench/phpbench",
            "version": "dev-master",
            "source": {
                "type": "git",
                "url": "https://github.com/phpbench/phpbench.git",
                "reference": "dcd63d26ce78305ba4d8c5dbff08c495ebb983b8"
            },
            "dist": {
                "type": "zip",
                "url": "https://api.github.com/repos/phpbench/phpbench/zipball/dcd63d26ce78305ba4d8c5dbff08c495ebb983b8",
                "reference": "dcd63d26ce78305ba4d8c5dbff08c495ebb983b8",
                "shasum": ""
            },
            "require": {
                "beberlei/assert": "^2.4",
                "doctrine/annotations": "^1.2.7",
                "ext-dom": "*",
                "ext-json": "*",
                "ext-pcre": "*",
                "ext-reflection": "*",
                "ext-spl": "*",
                "lstrojny/functional-php": "1.0|^1.2.3",
                "php": "^7.0",
                "phpbench/container": "~1.0",
                "phpbench/dom": "~0.2.0",
                "seld/jsonlint": "^1.0",
                "symfony/console": "^2.6|^3.0|^4.0",
                "symfony/debug": "^2.4|^3.0|^4.0",
                "symfony/filesystem": "^2.4|^3.0|^4.0",
                "symfony/finder": "^2.4|^3.0|^4.0",
                "symfony/options-resolver": "^2.6|^3.0|^4.0",
                "symfony/process": "^2.1|^3.0|^4.0"
            },
            "require-dev": {
                "doctrine/dbal": "^2.4",
                "liip/rmt": "^1.2",
                "padraic/phar-updater": "^1.0",
                "phpstan/phpstan": "^0.8.5",
                "phpunit/phpunit": "^6.0"
            },
            "suggest": {
                "ext-xdebug": "For XDebug profiling extension."
            },
            "bin": [
                "bin/phpbench"
            ],
            "type": "library",
            "extra": {
                "branch-alias": {
                    "dev-master": "1.0-dev"
                }
            },
            "autoload": {
                "psr-4": {
                    "PhpBench\\": "lib/",
                    "PhpBench\\Extensions\\Dbal\\": "extensions/dbal/lib/",
                    "PhpBench\\Extensions\\XDebug\\": "extensions/xdebug/lib/"
                }
            },
            "notification-url": "https://packagist.org/downloads/",
            "license": [
                "MIT"
            ],
            "authors": [
                {
                    "name": "Daniel Leech",
                    "email": "daniel@dantleech.com"
                }
            ],
            "description": "PHP Benchmarking Framework",
            "time": "2017-12-26T17:22:31+00:00"
        },
        {
            "name": "psr/container",
            "version": "1.0.0",
            "source": {
                "type": "git",
                "url": "https://github.com/php-fig/container.git",
                "reference": "b7ce3b176482dbbc1245ebf52b181af44c2cf55f"
            },
            "dist": {
                "type": "zip",
                "url": "https://api.github.com/repos/php-fig/container/zipball/b7ce3b176482dbbc1245ebf52b181af44c2cf55f",
                "reference": "b7ce3b176482dbbc1245ebf52b181af44c2cf55f",
                "shasum": ""
            },
            "require": {
                "php": ">=5.3.0"
            },
            "type": "library",
            "extra": {
                "branch-alias": {
                    "dev-master": "1.0.x-dev"
                }
            },
            "autoload": {
                "psr-4": {
                    "Psr\\Container\\": "src/"
                }
            },
            "notification-url": "https://packagist.org/downloads/",
            "license": [
                "MIT"
            ],
            "authors": [
                {
                    "name": "PHP-FIG",
                    "homepage": "http://www.php-fig.org/"
                }
            ],
            "description": "Common Container Interface (PHP FIG PSR-11)",
            "homepage": "https://github.com/php-fig/container",
            "keywords": [
                "PSR-11",
                "container",
                "container-interface",
                "container-interop",
                "psr"
            ],
            "time": "2017-02-14T16:28:37+00:00"
        },
        {
            "name": "psr/log",
            "version": "1.0.2",
            "source": {
                "type": "git",
                "url": "https://github.com/php-fig/log.git",
                "reference": "4ebe3a8bf773a19edfe0a84b6585ba3d401b724d"
            },
            "dist": {
                "type": "zip",
                "url": "https://api.github.com/repos/php-fig/log/zipball/4ebe3a8bf773a19edfe0a84b6585ba3d401b724d",
                "reference": "4ebe3a8bf773a19edfe0a84b6585ba3d401b724d",
                "shasum": ""
            },
            "require": {
                "php": ">=5.3.0"
            },
            "type": "library",
            "extra": {
                "branch-alias": {
                    "dev-master": "1.0.x-dev"
                }
            },
            "autoload": {
                "psr-4": {
                    "Psr\\Log\\": "Psr/Log/"
                }
            },
            "notification-url": "https://packagist.org/downloads/",
            "license": [
                "MIT"
            ],
            "authors": [
                {
                    "name": "PHP-FIG",
                    "homepage": "http://www.php-fig.org/"
                }
            ],
            "description": "Common interface for logging libraries",
            "homepage": "https://github.com/php-fig/log",
            "keywords": [
                "log",
                "psr",
                "psr-3"
            ],
            "time": "2016-10-10T12:19:37+00:00"
        },
        {
            "name": "seld/jsonlint",
            "version": "1.6.2",
            "source": {
                "type": "git",
                "url": "https://github.com/Seldaek/jsonlint.git",
                "reference": "7a30649c67ee0d19faacfd9fa2cfb6cc032d9b19"
            },
            "dist": {
                "type": "zip",
                "url": "https://api.github.com/repos/Seldaek/jsonlint/zipball/7a30649c67ee0d19faacfd9fa2cfb6cc032d9b19",
                "reference": "7a30649c67ee0d19faacfd9fa2cfb6cc032d9b19",
                "shasum": ""
            },
            "require": {
                "php": "^5.3 || ^7.0"
            },
            "require-dev": {
                "phpunit/phpunit": "^4.5"
            },
            "bin": [
                "bin/jsonlint"
            ],
            "type": "library",
            "autoload": {
                "psr-4": {
                    "Seld\\JsonLint\\": "src/Seld/JsonLint/"
                }
            },
            "notification-url": "https://packagist.org/downloads/",
            "license": [
                "MIT"
            ],
            "authors": [
                {
                    "name": "Jordi Boggiano",
                    "email": "j.boggiano@seld.be",
                    "homepage": "http://seld.be"
                }
            ],
            "description": "JSON Linter",
            "keywords": [
                "json",
                "linter",
                "parser",
                "validator"
            ],
            "time": "2017-11-30T15:34:22+00:00"
        },
        {
            "name": "symfony/console",
            "version": "v4.0.2",
            "source": {
                "type": "git",
                "url": "https://github.com/symfony/console.git",
                "reference": "de8cf039eacdec59d83f7def67e3b8ff5ed46714"
            },
            "dist": {
                "type": "zip",
                "url": "https://api.github.com/repos/symfony/console/zipball/de8cf039eacdec59d83f7def67e3b8ff5ed46714",
                "reference": "de8cf039eacdec59d83f7def67e3b8ff5ed46714",
                "shasum": ""
            },
            "require": {
                "php": "^7.1.3",
                "symfony/polyfill-mbstring": "~1.0"
            },
            "conflict": {
                "symfony/dependency-injection": "<3.4",
                "symfony/process": "<3.3"
            },
            "require-dev": {
                "psr/log": "~1.0",
                "symfony/config": "~3.4|~4.0",
                "symfony/dependency-injection": "~3.4|~4.0",
                "symfony/event-dispatcher": "~3.4|~4.0",
                "symfony/lock": "~3.4|~4.0",
                "symfony/process": "~3.4|~4.0"
            },
            "suggest": {
                "psr/log": "For using the console logger",
                "symfony/event-dispatcher": "",
                "symfony/lock": "",
                "symfony/process": ""
            },
            "type": "library",
            "extra": {
                "branch-alias": {
                    "dev-master": "4.0-dev"
                }
            },
            "autoload": {
                "psr-4": {
                    "Symfony\\Component\\Console\\": ""
                },
                "exclude-from-classmap": [
                    "/Tests/"
                ]
            },
            "notification-url": "https://packagist.org/downloads/",
            "license": [
                "MIT"
            ],
            "authors": [
                {
                    "name": "Fabien Potencier",
                    "email": "fabien@symfony.com"
                },
                {
                    "name": "Symfony Community",
                    "homepage": "https://symfony.com/contributors"
                }
            ],
            "description": "Symfony Console Component",
            "homepage": "https://symfony.com",
            "time": "2017-12-14T19:48:22+00:00"
        },
        {
            "name": "symfony/debug",
            "version": "v4.0.2",
            "source": {
                "type": "git",
                "url": "https://github.com/symfony/debug.git",
                "reference": "8c3e709209ce3b952a31c0f4a31ac7703c3d0226"
            },
            "dist": {
                "type": "zip",
                "url": "https://api.github.com/repos/symfony/debug/zipball/8c3e709209ce3b952a31c0f4a31ac7703c3d0226",
                "reference": "8c3e709209ce3b952a31c0f4a31ac7703c3d0226",
                "shasum": ""
            },
            "require": {
                "php": "^7.1.3",
                "psr/log": "~1.0"
            },
            "conflict": {
                "symfony/http-kernel": "<3.4"
            },
            "require-dev": {
                "symfony/http-kernel": "~3.4|~4.0"
            },
            "type": "library",
            "extra": {
                "branch-alias": {
                    "dev-master": "4.0-dev"
                }
            },
            "autoload": {
                "psr-4": {
                    "Symfony\\Component\\Debug\\": ""
                },
                "exclude-from-classmap": [
                    "/Tests/"
                ]
            },
            "notification-url": "https://packagist.org/downloads/",
            "license": [
                "MIT"
            ],
            "authors": [
                {
                    "name": "Fabien Potencier",
                    "email": "fabien@symfony.com"
                },
                {
                    "name": "Symfony Community",
                    "homepage": "https://symfony.com/contributors"
                }
            ],
            "description": "Symfony Debug Component",
            "homepage": "https://symfony.com",
            "time": "2017-12-12T08:41:51+00:00"
        },
        {
            "name": "symfony/filesystem",
            "version": "v4.0.2",
            "source": {
                "type": "git",
                "url": "https://github.com/symfony/filesystem.git",
                "reference": "8c2868641d0c4885eee9c12a89c2b695eb1985cd"
            },
            "dist": {
                "type": "zip",
                "url": "https://api.github.com/repos/symfony/filesystem/zipball/8c2868641d0c4885eee9c12a89c2b695eb1985cd",
                "reference": "8c2868641d0c4885eee9c12a89c2b695eb1985cd",
                "shasum": ""
            },
            "require": {
                "php": "^7.1.3"
            },
            "type": "library",
            "extra": {
                "branch-alias": {
                    "dev-master": "4.0-dev"
                }
            },
            "autoload": {
                "psr-4": {
                    "Symfony\\Component\\Filesystem\\": ""
                },
                "exclude-from-classmap": [
                    "/Tests/"
                ]
            },
            "notification-url": "https://packagist.org/downloads/",
            "license": [
                "MIT"
            ],
            "authors": [
                {
                    "name": "Fabien Potencier",
                    "email": "fabien@symfony.com"
                },
                {
                    "name": "Symfony Community",
                    "homepage": "https://symfony.com/contributors"
                }
            ],
            "description": "Symfony Filesystem Component",
            "homepage": "https://symfony.com",
            "time": "2017-12-14T19:48:22+00:00"
        },
        {
            "name": "symfony/finder",
            "version": "v4.0.2",
            "source": {
                "type": "git",
                "url": "https://github.com/symfony/finder.git",
                "reference": "c9cdda4dc4a3182d8d6daeebce4a25fef078ea4c"
            },
            "dist": {
                "type": "zip",
                "url": "https://api.github.com/repos/symfony/finder/zipball/c9cdda4dc4a3182d8d6daeebce4a25fef078ea4c",
                "reference": "c9cdda4dc4a3182d8d6daeebce4a25fef078ea4c",
                "shasum": ""
            },
            "require": {
                "php": "^7.1.3"
            },
            "type": "library",
            "extra": {
                "branch-alias": {
                    "dev-master": "4.0-dev"
                }
            },
            "autoload": {
                "psr-4": {
                    "Symfony\\Component\\Finder\\": ""
                },
                "exclude-from-classmap": [
                    "/Tests/"
                ]
            },
            "notification-url": "https://packagist.org/downloads/",
            "license": [
                "MIT"
            ],
            "authors": [
                {
                    "name": "Fabien Potencier",
                    "email": "fabien@symfony.com"
                },
                {
                    "name": "Symfony Community",
                    "homepage": "https://symfony.com/contributors"
                }
            ],
            "description": "Symfony Finder Component",
            "homepage": "https://symfony.com",
            "time": "2017-11-07T14:45:01+00:00"
        },
        {
            "name": "symfony/options-resolver",
            "version": "v4.0.2",
            "source": {
                "type": "git",
                "url": "https://github.com/symfony/options-resolver.git",
                "reference": "75fdda335eb0adbd464089e8a0184c61097808e0"
            },
            "dist": {
                "type": "zip",
                "url": "https://api.github.com/repos/symfony/options-resolver/zipball/75fdda335eb0adbd464089e8a0184c61097808e0",
                "reference": "75fdda335eb0adbd464089e8a0184c61097808e0",
                "shasum": ""
            },
            "require": {
                "php": "^7.1.3"
            },
            "type": "library",
            "extra": {
                "branch-alias": {
                    "dev-master": "4.0-dev"
                }
            },
            "autoload": {
                "psr-4": {
                    "Symfony\\Component\\OptionsResolver\\": ""
                },
                "exclude-from-classmap": [
                    "/Tests/"
                ]
            },
            "notification-url": "https://packagist.org/downloads/",
            "license": [
                "MIT"
            ],
            "authors": [
                {
                    "name": "Fabien Potencier",
                    "email": "fabien@symfony.com"
                },
                {
                    "name": "Symfony Community",
                    "homepage": "https://symfony.com/contributors"
                }
            ],
            "description": "Symfony OptionsResolver Component",
            "homepage": "https://symfony.com",
            "keywords": [
                "config",
                "configuration",
                "options"
            ],
            "time": "2017-12-14T19:48:22+00:00"
        },
        {
            "name": "symfony/polyfill-mbstring",
            "version": "v1.6.0",
            "source": {
                "type": "git",
                "url": "https://github.com/symfony/polyfill-mbstring.git",
                "reference": "2ec8b39c38cb16674bbf3fea2b6ce5bf117e1296"
            },
            "dist": {
                "type": "zip",
                "url": "https://api.github.com/repos/symfony/polyfill-mbstring/zipball/2ec8b39c38cb16674bbf3fea2b6ce5bf117e1296",
                "reference": "2ec8b39c38cb16674bbf3fea2b6ce5bf117e1296",
                "shasum": ""
            },
            "require": {
                "php": ">=5.3.3"
            },
            "suggest": {
                "ext-mbstring": "For best performance"
            },
            "type": "library",
            "extra": {
                "branch-alias": {
                    "dev-master": "1.6-dev"
                }
            },
            "autoload": {
                "psr-4": {
                    "Symfony\\Polyfill\\Mbstring\\": ""
                },
                "files": [
                    "bootstrap.php"
                ]
            },
            "notification-url": "https://packagist.org/downloads/",
            "license": [
                "MIT"
            ],
            "authors": [
                {
                    "name": "Nicolas Grekas",
                    "email": "p@tchwork.com"
                },
                {
                    "name": "Symfony Community",
                    "homepage": "https://symfony.com/contributors"
                }
            ],
            "description": "Symfony polyfill for the Mbstring extension",
            "homepage": "https://symfony.com",
            "keywords": [
                "compatibility",
                "mbstring",
                "polyfill",
                "portable",
                "shim"
            ],
            "time": "2017-10-11T12:05:26+00:00"
        },
        {
            "name": "symfony/process",
            "version": "v4.0.2",
            "source": {
                "type": "git",
                "url": "https://github.com/symfony/process.git",
                "reference": "18d1953068e72262830bad593f0366fa62c93fb7"
            },
            "dist": {
                "type": "zip",
                "url": "https://api.github.com/repos/symfony/process/zipball/18d1953068e72262830bad593f0366fa62c93fb7",
                "reference": "18d1953068e72262830bad593f0366fa62c93fb7",
                "shasum": ""
            },
            "require": {
                "php": "^7.1.3"
            },
            "type": "library",
            "extra": {
                "branch-alias": {
                    "dev-master": "4.0-dev"
                }
            },
            "autoload": {
                "psr-4": {
                    "Symfony\\Component\\Process\\": ""
                },
                "exclude-from-classmap": [
                    "/Tests/"
                ]
            },
            "notification-url": "https://packagist.org/downloads/",
            "license": [
                "MIT"
            ],
            "authors": [
                {
                    "name": "Fabien Potencier",
                    "email": "fabien@symfony.com"
                },
                {
                    "name": "Symfony Community",
                    "homepage": "https://symfony.com/contributors"
                }
            ],
            "description": "Symfony Process Component",
            "homepage": "https://symfony.com",
            "time": "2017-12-14T19:48:22+00:00"
        }
    ],
    "aliases": [],
    "minimum-stability": "stable",
    "stability-flags": {
        "phpbench/phpbench": 20
    },
    "prefer-stable": false,
    "prefer-lowest": false,
    "platform": [],
    "platform-dev": []
}
